
Microsoft Visual Studio Solution File, Format Version 12.00
# Visual Studio Version 17
VisualStudioVersion = 17.13.35913.81 d17.13
MinimumVisualStudioVersion = 10.0.40219.1
Project("{FAE04EC0-301F-11D3-BF4B-00C04F79EFBC}") = "Transactly", "Transactly\Transactly.csproj", "{1C9B4562-5AEA-4819-850E-89D46290C680}"
EndProject
Global
	GlobalSection(SolutionConfigurationPlatforms) = preSolution
		Debug|Any CPU = Debug|Any CPU
		Release|Any CPU = Release|Any CPU
	EndGlobalSection
	GlobalSection(ProjectConfigurationPlatforms) = postSolution
		{1C9B4562-5AEA-4819-850E-89D46290C680}.Debug|Any CPU.ActiveCfg = Debug|Any CPU
		{1C9B4562-5AEA-4819-850E-89D46290C680}.Debug|Any CPU.Build.0 = Debug|Any CPU
		{1C9B4562-5AEA-4819-850E-89D46290C680}.Release|Any CPU.ActiveCfg = Release|Any CPU
		{1C9B4562-5AEA-4819-850E-89D46290C680}.Release|Any CPU.Build.0 = Release|Any CPU
	EndGlobalSection
	GlobalSection(SolutionProperties) = preSolution
		HideSolutionNode = FALSE
	EndGlobalSection
	GlobalSection(ExtensibilityGlobals) = postSolution
		SolutionGuid = {6BDFBC0E-1292-4380-9109-3444B9B86339}
	EndGlobalSection
EndGlobal
